
Microsoft Visual Studio Solution File, Format Version 12.00
# Visual Studio Version 17
VisualStudioVersion = 17.8.34205.153
MinimumVisualStudioVersion = 10.0.40219.1
Project("{2150E333-8FDC-42A3-9474-1A3956D46DE8}") = "SolutionItems", "SolutionItems", "{0FE9671B-BD9A-4077-8124-70824E440ED8}"
	ProjectSection(SolutionItems) = preProject
		appveyor.yml = appveyor.yml
		Directory.Build.props = Directory.Build.props
		Directory.Build.targets = Directory.Build.targets
		global.json = global.json
		README.md = README.md
	EndProjectSection
EndProject
Project("{9A19103F-16F7-4668-BE54-9A1E7A4F7556}") = "Rg.Plugins.Popup", "Rg.Plugins.Popup\Rg.Plugins.Popup.csproj", "{CF223C1D-733A-4482-81D3-DCA3E4A6A8B7}"
EndProject
Project("{FAE04EC0-301F-11D3-BF4B-00C04F79EFBC}") = "PokedexXF.Android", "PokedexXF\PokedexXF.Android\PokedexXF.Android.csproj", "{CE780BF8-C5F9-4D80-940E-D80F0C5F9C70}"
EndProject
Project("{FAE04EC0-301F-11D3-BF4B-00C04F79EFBC}") = "PokedexXF.iOS", "PokedexXF\PokedexXF.iOS\PokedexXF.iOS.csproj", "{D0C68614-037D-459D-9399-2DF3AF26A815}"
EndProject
Project("{9A19103F-16F7-4668-BE54-9A1E7A4F7556}") = "PokedexXF", "PokedexXF\PokedexXF\PokedexXF.csproj", "{22036964-A6E1-45CA-B8D6-D873F110E540}"
EndProject
Project("{FAE04EC0-301F-11D3-BF4B-00C04F79EFBC}") = "PokedexXF.UWP", "PokedexXF\PokedexXF.UWP\PokedexXF.UWP.csproj", "{5C3357D8-FEDC-48EF-89F0-C0730929EAC2}"
EndProject
Global
	GlobalSection(SolutionConfigurationPlatforms) = preSolution
		Debug|Any CPU = Debug|Any CPU
		Debug|ARM = Debug|ARM
		Debug|iPhone = Debug|iPhone
		Debug|iPhoneSimulator = Debug|iPhoneSimulator
		Debug|x64 = Debug|x64
		Debug|x86 = Debug|x86
		Release|Any CPU = Release|Any CPU
		Release|ARM = Release|ARM
		Release|iPhone = Release|iPhone
		Release|iPhoneSimulator = Release|iPhoneSimulator
		Release|x64 = Release|x64
		Release|x86 = Release|x86
	EndGlobalSection
	GlobalSection(ProjectConfigurationPlatforms) = postSolution
		{CF223C1D-733A-4482-81D3-DCA3E4A6A8B7}.Debug|Any CPU.ActiveCfg = Debug|Any CPU
		{CF223C1D-733A-4482-81D3-DCA3E4A6A8B7}.Debug|Any CPU.Build.0 = Debug|Any CPU
		{CF223C1D-733A-4482-81D3-DCA3E4A6A8B7}.Debug|ARM.ActiveCfg = Debug|Any CPU
		{CF223C1D-733A-4482-81D3-DCA3E4A6A8B7}.Debug|ARM.Build.0 = Debug|Any CPU
		{CF223C1D-733A-4482-81D3-DCA3E4A6A8B7}.Debug|iPhone.ActiveCfg = Debug|Any CPU
		{CF223C1D-733A-4482-81D3-DCA3E4A6A8B7}.Debug|iPhone.Build.0 = Debug|Any CPU
		{CF223C1D-733A-4482-81D3-DCA3E4A6A8B7}.Debug|iPhoneSimulator.ActiveCfg = Debug|Any CPU
		{CF223C1D-733A-4482-81D3-DCA3E4A6A8B7}.Debug|iPhoneSimulator.Build.0 = Debug|Any CPU
		{CF223C1D-733A-4482-81D3-DCA3E4A6A8B7}.Debug|x64.ActiveCfg = Debug|Any CPU
		{CF223C1D-733A-4482-81D3-DCA3E4A6A8B7}.Debug|x64.Build.0 = Debug|Any CPU
		{CF223C1D-733A-4482-81D3-DCA3E4A6A8B7}.Debug|x86.ActiveCfg = Debug|Any CPU
		{CF223C1D-733A-4482-81D3-DCA3E4A6A8B7}.Debug|x86.Build.0 = Debug|Any CPU
		{CF223C1D-733A-4482-81D3-DCA3E4A6A8B7}.Release|Any CPU.ActiveCfg = Release|Any CPU
		{CF223C1D-733A-4482-81D3-DCA3E4A6A8B7}.Release|Any CPU.Build.0 = Release|Any CPU
		{CF223C1D-733A-4482-81D3-DCA3E4A6A8B7}.Release|ARM.ActiveCfg = Release|Any CPU
		{CF223C1D-733A-4482-81D3-DCA3E4A6A8B7}.Release|ARM.Build.0 = Release|Any CPU
		{CF223C1D-733A-4482-81D3-DCA3E4A6A8B7}.Release|iPhone.ActiveCfg = Release|Any CPU
		{CF223C1D-733A-4482-81D3-DCA3E4A6A8B7}.Release|iPhone.Build.0 = Release|Any CPU
		{CF223C1D-733A-4482-81D3-DCA3E4A6A8B7}.Release|iPhoneSimulator.ActiveCfg = Release|Any CPU
		{CF223C1D-733A-4482-81D3-DCA3E4A6A8B7}.Release|iPhoneSimulator.Build.0 = Release|Any CPU
		{CF223C1D-733A-4482-81D3-DCA3E4A6A8B7}.Release|x64.ActiveCfg = Release|Any CPU
		{CF223C1D-733A-4482-81D3-DCA3E4A6A8B7}.Release|x64.Build.0 = Release|Any CPU
		{CF223C1D-733A-4482-81D3-DCA3E4A6A8B7}.Release|x86.ActiveCfg = Release|Any CPU
		{CF223C1D-733A-4482-81D3-DCA3E4A6A8B7}.Release|x86.Build.0 = Release|Any CPU
		{CE780BF8-C5F9-4D80-940E-D80F0C5F9C70}.Debug|Any CPU.ActiveCfg = Debug|Any CPU
		{CE780BF8-C5F9-4D80-940E-D80F0C5F9C70}.Debug|Any CPU.Build.0 = Debug|Any CPU
		{CE780BF8-C5F9-4D80-940E-D80F0C5F9C70}.Debug|Any CPU.Deploy.0 = Debug|Any CPU
		{CE780BF8-C5F9-4D80-940E-D80F0C5F9C70}.Debug|ARM.ActiveCfg = Debug|Any CPU
		{CE780BF8-C5F9-4D80-940E-D80F0C5F9C70}.Debug|ARM.Build.0 = Debug|Any CPU
		{CE780BF8-C5F9-4D80-940E-D80F0C5F9C70}.Debug|ARM.Deploy.0 = Debug|Any CPU
		{CE780BF8-C5F9-4D80-940E-D80F0C5F9C70}.Debug|iPhone.ActiveCfg = Debug|Any CPU
		{CE780BF8-C5F9-4D80-940E-D80F0C5F9C70}.Debug|iPhone.Build.0 = Debug|Any CPU
		{CE780BF8-C5F9-4D80-940E-D80F0C5F9C70}.Debug|iPhone.Deploy.0 = Debug|Any CPU
		{CE780BF8-C5F9-4D80-940E-D80F0C5F9C70}.Debug|iPhoneSimulator.ActiveCfg = Debug|Any CPU
		{CE780BF8-C5F9-4D80-940E-D80F0C5F9C70}.Debug|iPhoneSimulator.Build.0 = Debug|Any CPU
		{CE780BF8-C5F9-4D80-940E-D80F0C5F9C70}.Debug|iPhoneSimulator.Deploy.0 = Debug|Any CPU
		{CE780BF8-C5F9-4D80-940E-D80F0C5F9C70}.Debug|x64.ActiveCfg = Debug|Any CPU
		{CE780BF8-C5F9-4D80-940E-D80F0C5F9C70}.Debug|x64.Build.0 = Debug|Any CPU
		{CE780BF8-C5F9-4D80-940E-D80F0C5F9C70}.Debug|x64.Deploy.0 = Debug|Any CPU
		{CE780BF8-C5F9-4D80-940E-D80F0C5F9C70}.Debug|x86.ActiveCfg = Debug|Any CPU
		{CE780BF8-C5F9-4D80-940E-D80F0C5F9C70}.Debug|x86.Build.0 = Debug|Any CPU
		{CE780BF8-C5F9-4D80-940E-D80F0C5F9C70}.Debug|x86.Deploy.0 = Debug|Any CPU
		{CE780BF8-C5F9-4D80-940E-D80F0C5F9C70}.Release|Any CPU.ActiveCfg = Release|Any CPU
		{CE780BF8-C5F9-4D80-940E-D80F0C5F9C70}.Release|Any CPU.Build.0 = Release|Any CPU
		{CE780BF8-C5F9-4D80-940E-D80F0C5F9C70}.Release|Any CPU.Deploy.0 = Release|Any CPU
		{CE780BF8-C5F9-4D80-940E-D80F0C5F9C70}.Release|ARM.ActiveCfg = Release|Any CPU
		{CE780BF8-C5F9-4D80-940E-D80F0C5F9C70}.Release|ARM.Build.0 = Release|Any CPU
		{CE780BF8-C5F9-4D80-940E-D80F0C5F9C70}.Release|ARM.Deploy.0 = Release|Any CPU
		{CE780BF8-C5F9-4D80-940E-D80F0C5F9C70}.Release|iPhone.ActiveCfg = Release|Any CPU
		{CE780BF8-C5F9-4D80-940E-D80F0C5F9C70}.Release|iPhone.Build.0 = Release|Any CPU
		{CE780BF8-C5F9-4D80-940E-D80F0C5F9C70}.Release|iPhone.Deploy.0 = Release|Any CPU
		{CE780BF8-C5F9-4D80-940E-D80F0C5F9C70}.Release|iPhoneSimulator.ActiveCfg = Release|Any CPU
		{CE780BF8-C5F9-4D80-940E-D80F0C5F9C70}.Release|iPhoneSimulator.Build.0 = Release|Any CPU
		{CE780BF8-C5F9-4D80-940E-D80F0C5F9C70}.Release|iPhoneSimulator.Deploy.0 = Release|Any CPU
		{CE780BF8-C5F9-4D80-940E-D80F0C5F9C70}.Release|x64.ActiveCfg = Release|Any CPU
		{CE780BF8-C5F9-4D80-940E-D80F0C5F9C70}.Release|x64.Build.0 = Release|Any CPU
		{CE780BF8-C5F9-4D80-940E-D80F0C5F9C70}.Release|x64.Deploy.0 = Release|Any CPU
		{CE780BF8-C5F9-4D80-940E-D80F0C5F9C70}.Release|x86.ActiveCfg = Release|Any CPU
		{CE780BF8-C5F9-4D80-940E-D80F0C5F9C70}.Release|x86.Build.0 = Release|Any CPU
		{CE780BF8-C5F9-4D80-940E-D80F0C5F9C70}.Release|x86.Deploy.0 = Release|Any CPU
		{D0C68614-037D-459D-9399-2DF3AF26A815}.Debug|Any CPU.ActiveCfg = Debug|iPhone
		{D0C68614-037D-459D-9399-2DF3AF26A815}.Debug|Any CPU.Build.0 = Debug|iPhone
		{D0C68614-037D-459D-9399-2DF3AF26A815}.Debug|Any CPU.Deploy.0 = Debug|iPhone
		{D0C68614-037D-459D-9399-2DF3AF26A815}.Debug|ARM.ActiveCfg = Debug|iPhoneSimulator
		{D0C68614-037D-459D-9399-2DF3AF26A815}.Debug|ARM.Build.0 = Debug|iPhoneSimulator
		{D0C68614-037D-459D-9399-2DF3AF26A815}.Debug|iPhone.ActiveCfg = Debug|iPhone
		{D0C68614-037D-459D-9399-2DF3AF26A815}.Debug|iPhone.Build.0 = Debug|iPhone
		{D0C68614-037D-459D-9399-2DF3AF26A815}.Debug|iPhone.Deploy.0 = Debug|iPhone
		{D0C68614-037D-459D-9399-2DF3AF26A815}.Debug|iPhoneSimulator.ActiveCfg = Debug|iPhoneSimulator
		{D0C68614-037D-459D-9399-2DF3AF26A815}.Debug|iPhoneSimulator.Build.0 = Debug|iPhoneSimulator
		{D0C68614-037D-459D-9399-2DF3AF26A815}.Debug|iPhoneSimulator.Deploy.0 = Debug|iPhoneSimulator
		{D0C68614-037D-459D-9399-2DF3AF26A815}.Debug|x64.ActiveCfg = Debug|iPhoneSimulator
		{D0C68614-037D-459D-9399-2DF3AF26A815}.Debug|x64.Build.0 = Debug|iPhoneSimulator
		{D0C68614-037D-459D-9399-2DF3AF26A815}.Debug|x86.ActiveCfg = Debug|iPhoneSimulator
		{D0C68614-037D-459D-9399-2DF3AF26A815}.Debug|x86.Build.0 = Debug|iPhoneSimulator
		{D0C68614-037D-459D-9399-2DF3AF26A815}.Release|Any CPU.ActiveCfg = Release|iPhoneSimulator
		{D0C68614-037D-459D-9399-2DF3AF26A815}.Release|Any CPU.Build.0 = Release|iPhoneSimulator
		{D0C68614-037D-459D-9399-2DF3AF26A815}.Release|Any CPU.Deploy.0 = Release|iPhoneSimulator
		{D0C68614-037D-459D-9399-2DF3AF26A815}.Release|ARM.ActiveCfg = Release|iPhone
		{D0C68614-037D-459D-9399-2DF3AF26A815}.Release|ARM.Build.0 = Release|iPhone
		{D0C68614-037D-459D-9399-2DF3AF26A815}.Release|iPhone.ActiveCfg = Release|iPhone
		{D0C68614-037D-459D-9399-2DF3AF26A815}.Release|iPhone.Build.0 = Release|iPhone
		{D0C68614-037D-459D-9399-2DF3AF26A815}.Release|iPhone.Deploy.0 = Release|iPhone
		{D0C68614-037D-459D-9399-2DF3AF26A815}.Release|iPhoneSimulator.ActiveCfg = Release|iPhoneSimulator
		{D0C68614-037D-459D-9399-2DF3AF26A815}.Release|iPhoneSimulator.Build.0 = Release|iPhoneSimulator
		{D0C68614-037D-459D-9399-2DF3AF26A815}.Release|iPhoneSimulator.Deploy.0 = Release|iPhoneSimulator
		{D0C68614-037D-459D-9399-2DF3AF26A815}.Release|x64.ActiveCfg = Release|iPhone
		{D0C68614-037D-459D-9399-2DF3AF26A815}.Release|x64.Build.0 = Release|iPhone
		{D0C68614-037D-459D-9399-2DF3AF26A815}.Release|x86.ActiveCfg = Release|iPhone
		{D0C68614-037D-459D-9399-2DF3AF26A815}.Release|x86.Build.0 = Release|iPhone
		{22036964-A6E1-45CA-B8D6-D873F110E540}.Debug|Any CPU.ActiveCfg = Debug|Any CPU
		{22036964-A6E1-45CA-B8D6-D873F110E540}.Debug|Any CPU.Build.0 = Debug|Any CPU
		{22036964-A6E1-45CA-B8D6-D873F110E540}.Debug|Any CPU.Deploy.0 = Debug|Any CPU
		{22036964-A6E1-45CA-B8D6-D873F110E540}.Debug|ARM.ActiveCfg = Debug|Any CPU
		{22036964-A6E1-45CA-B8D6-D873F110E540}.Debug|ARM.Build.0 = Debug|Any CPU
		{22036964-A6E1-45CA-B8D6-D873F110E540}.Debug|iPhone.ActiveCfg = Debug|Any CPU
		{22036964-A6E1-45CA-B8D6-D873F110E540}.Debug|iPhone.Build.0 = Debug|Any CPU
		{22036964-A6E1-45CA-B8D6-D873F110E540}.Debug|iPhone.Deploy.0 = Debug|Any CPU
		{22036964-A6E1-45CA-B8D6-D873F110E540}.Debug|iPhoneSimulator.ActiveCfg = Debug|Any CPU
		{22036964-A6E1-45CA-B8D6-D873F110E540}.Debug|iPhoneSimulator.Build.0 = Debug|Any CPU
		{22036964-A6E1-45CA-B8D6-D873F110E540}.Debug|iPhoneSimulator.Deploy.0 = Debug|Any CPU
		{22036964-A6E1-45CA-B8D6-D873F110E540}.Debug|x64.ActiveCfg = Debug|Any CPU
		{22036964-A6E1-45CA-B8D6-D873F110E540}.Debug|x64.Build.0 = Debug|Any CPU
		{22036964-A6E1-45CA-B8D6-D873F110E540}.Debug|x86.ActiveCfg = Debug|Any CPU
		{22036964-A6E1-45CA-B8D6-D873F110E540}.Debug|x86.Build.0 = Debug|Any CPU
		{22036964-A6E1-45CA-B8D6-D873F110E540}.Release|Any CPU.ActiveCfg = Release|Any CPU
		{22036964-A6E1-45CA-B8D6-D873F110E540}.Release|Any CPU.Build.0 = Release|Any CPU
		{22036964-A6E1-45CA-B8D6-D873F110E540}.Release|Any CPU.Deploy.0 = Release|Any CPU
		{22036964-A6E1-45CA-B8D6-D873F110E540}.Release|ARM.ActiveCfg = Release|Any CPU
		{22036964-A6E1-45CA-B8D6-D873F110E540}.Release|ARM.Build.0 = Release|Any CPU
		{22036964-A6E1-45CA-B8D6-D873F110E540}.Release|iPhone.ActiveCfg = Release|Any CPU
		{22036964-A6E1-45CA-B8D6-D873F110E540}.Release|iPhone.Build.0 = Release|Any CPU
		{22036964-A6E1-45CA-B8D6-D873F110E540}.Release|iPhone.Deploy.0 = Release|Any CPU
		{22036964-A6E1-45CA-B8D6-D873F110E540}.Release|iPhoneSimulator.ActiveCfg = Release|Any CPU
		{22036964-A6E1-45CA-B8D6-D873F110E540}.Release|iPhoneSimulator.Build.0 = Release|Any CPU
		{22036964-A6E1-45CA-B8D6-D873F110E540}.Release|iPhoneSimulator.Deploy.0 = Release|Any CPU
		{22036964-A6E1-45CA-B8D6-D873F110E540}.Release|x64.ActiveCfg = Release|Any CPU
		{22036964-A6E1-45CA-B8D6-D873F110E540}.Release|x64.Build.0 = Release|Any CPU
		{22036964-A6E1-45CA-B8D6-D873F110E540}.Release|x86.ActiveCfg = Release|Any CPU
		{22036964-A6E1-45CA-B8D6-D873F110E540}.Release|x86.Build.0 = Release|Any CPU
		{5C3357D8-FEDC-48EF-89F0-C0730929EAC2}.Debug|Any CPU.ActiveCfg = Debug|x64
		{5C3357D8-FEDC-48EF-89F0-C0730929EAC2}.Debug|Any CPU.Build.0 = Debug|x64
		{5C3357D8-FEDC-48EF-89F0-C0730929EAC2}.Debug|Any CPU.Deploy.0 = Debug|x64
		{5C3357D8-FEDC-48EF-89F0-C0730929EAC2}.Debug|ARM.ActiveCfg = Debug|ARM
		{5C3357D8-FEDC-48EF-89F0-C0730929EAC2}.Debug|ARM.Build.0 = Debug|ARM
		{5C3357D8-FEDC-48EF-89F0-C0730929EAC2}.Debug|ARM.Deploy.0 = Debug|ARM
		{5C3357D8-FEDC-48EF-89F0-C0730929EAC2}.Debug|iPhone.ActiveCfg = Debug|x64
		{5C3357D8-FEDC-48EF-89F0-C0730929EAC2}.Debug|iPhone.Build.0 = Debug|x64
		{5C3357D8-FEDC-48EF-89F0-C0730929EAC2}.Debug|iPhone.Deploy.0 = Debug|x64
		{5C3357D8-FEDC-48EF-89F0-C0730929EAC2}.Debug|iPhoneSimulator.ActiveCfg = Debug|x64
		{5C3357D8-FEDC-48EF-89F0-C0730929EAC2}.Debug|iPhoneSimulator.Build.0 = Debug|x64
		{5C3357D8-FEDC-48EF-89F0-C0730929EAC2}.Debug|iPhoneSimulator.Deploy.0 = Debug|x64
		{5C3357D8-FEDC-48EF-89F0-C0730929EAC2}.Debug|x64.ActiveCfg = Debug|x64
		{5C3357D8-FEDC-48EF-89F0-C0730929EAC2}.Debug|x64.Build.0 = Debug|x64
		{5C3357D8-FEDC-48EF-89F0-C0730929EAC2}.Debug|x64.Deploy.0 = Debug|x64
		{5C3357D8-FEDC-48EF-89F0-C0730929EAC2}.Debug|x86.ActiveCfg = Debug|x86
		{5C3357D8-FEDC-48EF-89F0-C0730929EAC2}.Debug|x86.Build.0 = Debug|x86
		{5C3357D8-FEDC-48EF-89F0-C0730929EAC2}.Debug|x86.Deploy.0 = Debug|x86
		{5C3357D8-FEDC-48EF-89F0-C0730929EAC2}.Release|Any CPU.ActiveCfg = Release|x64
		{5C3357D8-FEDC-48EF-89F0-C0730929EAC2}.Release|Any CPU.Build.0 = Release|x64
		{5C3357D8-FEDC-48EF-89F0-C0730929EAC2}.Release|Any CPU.Deploy.0 = Release|x64
		{5C3357D8-FEDC-48EF-89F0-C0730929EAC2}.Release|ARM.ActiveCfg = Release|ARM
		{5C3357D8-FEDC-48EF-89F0-C0730929EAC2}.Release|ARM.Build.0 = Release|ARM
		{5C3357D8-FEDC-48EF-89F0-C0730929EAC2}.Release|ARM.Deploy.0 = Release|ARM
		{5C3357D8-FEDC-48EF-89F0-C0730929EAC2}.Release|iPhone.ActiveCfg = Release|x64
		{5C3357D8-FEDC-48EF-89F0-C0730929EAC2}.Release|iPhone.Build.0 = Release|x64
		{5C3357D8-FEDC-48EF-89F0-C0730929EAC2}.Release|iPhone.Deploy.0 = Release|x64
		{5C3357D8-FEDC-48EF-89F0-C0730929EAC2}.Release|iPhoneSimulator.ActiveCfg = Release|x64
		{5C3357D8-FEDC-48EF-89F0-C0730929EAC2}.Release|iPhoneSimulator.Build.0 = Release|x64
		{5C3357D8-FEDC-48EF-89F0-C0730929EAC2}.Release|iPhoneSimulator.Deploy.0 = Release|x64
		{5C3357D8-FEDC-48EF-89F0-C0730929EAC2}.Release|x64.ActiveCfg = Release|x64
		{5C3357D8-FEDC-48EF-89F0-C0730929EAC2}.Release|x64.Build.0 = Release|x64
		{5C3357D8-FEDC-48EF-89F0-C0730929EAC2}.Release|x64.Deploy.0 = Release|x64
		{5C3357D8-FEDC-48EF-89F0-C0730929EAC2}.Release|x86.ActiveCfg = Release|x86
		{5C3357D8-FEDC-48EF-89F0-C0730929EAC2}.Release|x86.Build.0 = Release|x86
		{5C3357D8-FEDC-48EF-89F0-C0730929EAC2}.Release|x86.Deploy.0 = Release|x86
	EndGlobalSection
	GlobalSection(SolutionProperties) = preSolution
		HideSolutionNode = FALSE
	EndGlobalSection
	GlobalSection(ExtensibilityGlobals) = postSolution
		SolutionGuid = {6AC1208A-8B58-40B2-983F-C88D18B36366}
	EndGlobalSection
EndGlobal
